
Microsoft Visual Studio Solution File, Format Version 12.00
# Visual Studio 15
Project("{FAE04EC0-301F-11D3-BF4B-00C04F79EFBC}") = "PhotonUnityNetworking.Utilities", "PhotonUnityNetworking.Utilities.csproj", "{84264245-4DC6-090F-3716-C77B320BF2D4}"
EndProject
Project("{FAE04EC0-301F-11D3-BF4B-00C04F79EFBC}") = "PhotonChat", "PhotonChat.csproj", "{DBC0CBB2-C2F8-0D46-5C78-30E6659A2257}"
EndProject
Project("{FAE04EC0-301F-11D3-BF4B-00C04F79EFBC}") = "Assembly-CSharp", "Assembly-CSharp.csproj", "{F449DDFF-BAFB-2F16-FE6F-738E70D21D44}"
EndProject
Project("{FAE04EC0-301F-11D3-BF4B-00C04F79EFBC}") = "PhotonUnityNetworking", "PhotonUnityNetworking.csproj", "{A826E2CC-530F-8F01-D8EE-CA8F274C2EF4}"
EndProject
Project("{FAE04EC0-301F-11D3-BF4B-00C04F79EFBC}") = "Assembly-CSharp-firstpass", "Assembly-CSharp-firstpass.csproj", "{88827E56-22F1-8588-7308-F9379E939095}"
EndProject
Project("{FAE04EC0-301F-11D3-BF4B-00C04F79EFBC}") = "PhotonRealtime", "PhotonRealtime.csproj", "{886C99A9-3522-59C2-BE8C-173E3856590A}"
EndProject
Project("{FAE04EC0-301F-11D3-BF4B-00C04F79EFBC}") = "Assembly-CSharp-firstpass", "Assembly-CSharp-firstpass.csproj", "{88827E56-22F1-8588-7308-F9379E939095}"
EndProject
Project("{FAE04EC0-301F-11D3-BF4B-00C04F79EFBC}") = "Assembly-CSharp-Editor", "Assembly-CSharp-Editor.csproj", "{ECC485C8-AF78-834A-1044-18D82247D39D}"
EndProject
Project("{FAE04EC0-301F-11D3-BF4B-00C04F79EFBC}") = "PhotonUnityNetworking.Editor", "PhotonUnityNetworking.Editor.csproj", "{7A61FC9D-1800-B07E-C835-535D72012F65}"
EndProject
Project("{FAE04EC0-301F-11D3-BF4B-00C04F79EFBC}") = "PhotonUnityNetworking.Utilities.PhotonPlayer.Editor", "PhotonUnityNetworking.Utilities.PhotonPlayer.Editor.csproj", "{3F57EABF-AB4C-CC03-13B9-BEC4C5451503}"
EndProject
Project("{FAE04EC0-301F-11D3-BF4B-00C04F79EFBC}") = "PhotonUnityNetworking.Utilities.Culling.Editor", "PhotonUnityNetworking.Utilities.Culling.Editor.csproj", "{9EEAE69B-4AD6-2D26-DD3E-DA8ADF7A5059}"
EndProject
Global
	GlobalSection(SolutionConfigurationPlatforms) = preSolution
		Debug|Any CPU = Debug|Any CPU
		Release|Any CPU = Release|Any CPU
	EndGlobalSection
	GlobalSection(ProjectConfigurationPlatforms) = postSolution
		{84264245-4DC6-090F-3716-C77B320BF2D4}.Debug|Any CPU.ActiveCfg = Debug|Any CPU
		{84264245-4DC6-090F-3716-C77B320BF2D4}.Debug|Any CPU.Build.0 = Debug|Any CPU
		{84264245-4DC6-090F-3716-C77B320BF2D4}.Release|Any CPU.ActiveCfg = Release|Any CPU
		{84264245-4DC6-090F-3716-C77B320BF2D4}.Release|Any CPU.Build.0 = Release|Any CPU
		{DBC0CBB2-C2F8-0D46-5C78-30E6659A2257}.Debug|Any CPU.ActiveCfg = Debug|Any CPU
		{DBC0CBB2-C2F8-0D46-5C78-30E6659A2257}.Debug|Any CPU.Build.0 = Debug|Any CPU
		{DBC0CBB2-C2F8-0D46-5C78-30E6659A2257}.Release|Any CPU.ActiveCfg = Release|Any CPU
		{DBC0CBB2-C2F8-0D46-5C78-30E6659A2257}.Release|Any CPU.Build.0 = Release|Any CPU
		{F449DDFF-BAFB-2F16-FE6F-738E70D21D44}.Debug|Any CPU.ActiveCfg = Debug|Any CPU
		{F449DDFF-BAFB-2F16-FE6F-738E70D21D44}.Debug|Any CPU.Build.0 = Debug|Any CPU
		{F449DDFF-BAFB-2F16-FE6F-738E70D21D44}.Release|Any CPU.ActiveCfg = Release|Any CPU
		{F449DDFF-BAFB-2F16-FE6F-738E70D21D44}.Release|Any CPU.Build.0 = Release|Any CPU
		{A826E2CC-530F-8F01-D8EE-CA8F274C2EF4}.Debug|Any CPU.ActiveCfg = Debug|Any CPU
		{A826E2CC-530F-8F01-D8EE-CA8F274C2EF4}.Debug|Any CPU.Build.0 = Debug|Any CPU
		{A826E2CC-530F-8F01-D8EE-CA8F274C2EF4}.Release|Any CPU.ActiveCfg = Release|Any CPU
		{A826E2CC-530F-8F01-D8EE-CA8F274C2EF4}.Release|Any CPU.Build.0 = Release|Any CPU
		{88827E56-22F1-8588-7308-F9379E939095}.Debug|Any CPU.ActiveCfg = Debug|Any CPU
		{88827E56-22F1-8588-7308-F9379E939095}.Debug|Any CPU.Build.0 = Debug|Any CPU
		{88827E56-22F1-8588-7308-F9379E939095}.Release|Any CPU.ActiveCfg = Release|Any CPU
		{88827E56-22F1-8588-7308-F9379E939095}.Release|Any CPU.Build.0 = Release|Any CPU
		{886C99A9-3522-59C2-BE8C-173E3856590A}.Debug|Any CPU.ActiveCfg = Debug|Any CPU
		{886C99A9-3522-59C2-BE8C-173E3856590A}.Debug|Any CPU.Build.0 = Debug|Any CPU
		{886C99A9-3522-59C2-BE8C-173E3856590A}.Release|Any CPU.ActiveCfg = Release|Any CPU
		{886C99A9-3522-59C2-BE8C-173E3856590A}.Release|Any CPU.Build.0 = Release|Any CPU
		{88827E56-22F1-8588-7308-F9379E939095}.Debug|Any CPU.ActiveCfg = Debug|Any CPU
		{88827E56-22F1-8588-7308-F9379E939095}.Debug|Any CPU.Build.0 = Debug|Any CPU
		{88827E56-22F1-8588-7308-F9379E939095}.Release|Any CPU.ActiveCfg = Release|Any CPU
		{88827E56-22F1-8588-7308-F9379E939095}.Release|Any CPU.Build.0 = Release|Any CPU
		{ECC485C8-AF78-834A-1044-18D82247D39D}.Debug|Any CPU.ActiveCfg = Debug|Any CPU
		{ECC485C8-AF78-834A-1044-18D82247D39D}.Debug|Any CPU.Build.0 = Debug|Any CPU
		{ECC485C8-AF78-834A-1044-18D82247D39D}.Release|Any CPU.ActiveCfg = Release|Any CPU
		{ECC485C8-AF78-834A-1044-18D82247D39D}.Release|Any CPU.Build.0 = Release|Any CPU
		{7A61FC9D-1800-B07E-C835-535D72012F65}.Debug|Any CPU.ActiveCfg = Debug|Any CPU
		{7A61FC9D-1800-B07E-C835-535D72012F65}.Debug|Any CPU.Build.0 = Debug|Any CPU
		{7A61FC9D-1800-B07E-C835-535D72012F65}.Release|Any CPU.ActiveCfg = Release|Any CPU
		{7A61FC9D-1800-B07E-C835-535D72012F65}.Release|Any CPU.Build.0 = Release|Any CPU
		{3F57EABF-AB4C-CC03-13B9-BEC4C5451503}.Debug|Any CPU.ActiveCfg = Debug|Any CPU
		{3F57EABF-AB4C-CC03-13B9-BEC4C5451503}.Debug|Any CPU.Build.0 = Debug|Any CPU
		{3F57EABF-AB4C-CC03-13B9-BEC4C5451503}.Release|Any CPU.ActiveCfg = Release|Any CPU
		{3F57EABF-AB4C-CC03-13B9-BEC4C5451503}.Release|Any CPU.Build.0 = Release|Any CPU
		{9EEAE69B-4AD6-2D26-DD3E-DA8ADF7A5059}.Debug|Any CPU.ActiveCfg = Debug|Any CPU
		{9EEAE69B-4AD6-2D26-DD3E-DA8ADF7A5059}.Debug|Any CPU.Build.0 = Debug|Any CPU
		{9EEAE69B-4AD6-2D26-DD3E-DA8ADF7A5059}.Release|Any CPU.ActiveCfg = Release|Any CPU
		{9EEAE69B-4AD6-2D26-DD3E-DA8ADF7A5059}.Release|Any CPU.Build.0 = Release|Any CPU
	EndGlobalSection
	GlobalSection(SolutionProperties) = preSolution
		HideSolutionNode = FALSE
	EndGlobalSection
EndGlobal
